
Microsoft Visual Studio Solution File, Format Version 12.00
# Visual Studio 14
VisualStudioVersion = 14.0.25420.1
MinimumVisualStudioVersion = 10.0.40219.1
Project("{FAE04EC0-301F-11D3-BF4B-00C04F79EFBC}") = "9M.Work.Model", "9M.Work.Model\9M.Work.Model.csproj", "{80AEC071-D185-4851-9F29-C94EF62D4862}"
EndProject
Project("{FAE04EC0-301F-11D3-BF4B-00C04F79EFBC}") = "9M.Work.Utility", "9M.Work.Utility\9M.Work.Utility.csproj", "{B0F8D955-3AC1-46C3-B42F-0599426EE1AD}"
EndProject
Project("{FAE04EC0-301F-11D3-BF4B-00C04F79EFBC}") = "9M.Work.DLL", "9M.Work.DLL\9M.Work.DLL.csproj", "{6AABADC8-7292-4CC9-988D-A02AE550A1B6}"
EndProject
Project("{FAE04EC0-301F-11D3-BF4B-00C04F79EFBC}") = "9M.Work.DbObject", "9M.Work.DbObject\9M.Work.DbObject.csproj", "{C090BEA1-36B4-417D-BEEF-019BCB2D4491}"
EndProject
Project("{FAE04EC0-301F-11D3-BF4B-00C04F79EFBC}") = "ZImageRenovate", "ZImageRenovate\ZImageRenovate.csproj", "{FAB9D949-12FD-4C62-BD68-6358721F1427}"
EndProject
Project("{FAE04EC0-301F-11D3-BF4B-00C04F79EFBC}") = "9M.Work.WPF_Main", "9M.Work.WPF_Main\9M.Work.WPF_Main.csproj", "{626C87C8-973E-401B-BA6A-159D9D88F56E}"
EndProject
Project("{FAE04EC0-301F-11D3-BF4B-00C04F79EFBC}") = "9M.Work.WPF_Common", "9M.Work.WPF_Common\9M.Work.WPF_Common.csproj", "{947B7505-F5B0-4CE9-9E23-10C912518944}"
EndProject
Project("{FAE04EC0-301F-11D3-BF4B-00C04F79EFBC}") = "9M.Work.TopApi", "9M.Work.TopApi\9M.Work.TopApi.csproj", "{94821575-C6B4-4105-AB2A-88AEDA73F2EA}"
EndProject
Project("{FAE04EC0-301F-11D3-BF4B-00C04F79EFBC}") = "9M.Work.JosApi", "9M.Work.JosApi\9M.Work.JosApi.csproj", "{5220D2C4-16BD-402A-B9E6-69BD969BBF7B}"
EndProject
Project("{FAE04EC0-301F-11D3-BF4B-00C04F79EFBC}") = "9M.Work.SysUpdate", "9M.Work.SysUpdate\9M.Work.SysUpdate.csproj", "{F3889728-8B37-47BC-933E-4DE09A26038E}"
EndProject
Project("{FAE04EC0-301F-11D3-BF4B-00C04F79EFBC}") = "9M.Work.ErpApi", "9M.Work.ErpApi\9M.Work.ErpApi.csproj", "{11B4FA7F-B290-4480-BC70-B2C356E30631}"
EndProject
Project("{2150E333-8FDC-42A3-9474-1A3956D46DE8}") = "Api", "Api", "{A78D67CE-9AFF-4BC4-82AC-ECF2FA12054A}"
EndProject
Project("{2150E333-8FDC-42A3-9474-1A3956D46DE8}") = "Common", "Common", "{F6CDD191-CD57-469D-8E0A-1AAB8F92C5B5}"
EndProject
Project("{2150E333-8FDC-42A3-9474-1A3956D46DE8}") = "DLL", "DLL", "{28C5BE19-E94C-4B08-A9FF-87E576FA62E9}"
EndProject
Project("{2150E333-8FDC-42A3-9474-1A3956D46DE8}") = "EntityFramework", "EntityFramework", "{EB697E05-8074-4C23-BF84-C7A04BDA072B}"
EndProject
Project("{2150E333-8FDC-42A3-9474-1A3956D46DE8}") = "Aop", "Aop", "{A66037A5-2F50-439C-9DC7-7C839AB51508}"
EndProject
Project("{FAE04EC0-301F-11D3-BF4B-00C04F79EFBC}") = "9M.Work.AOP", "9M.Work.AOP\9M.Work.AOP.csproj", "{E82C6895-DA99-4895-9A48-FD1AEE1675D1}"
EndProject
Project("{FAE04EC0-301F-11D3-BF4B-00C04F79EFBC}") = "9M.Work.ProjectRelease", "9M.Work.ProjectRelease\9M.Work.ProjectRelease.csproj", "{2B3ECFF0-E79F-4399-880F-85EB9BF3972C}"
EndProject
Project("{FAE04EC0-301F-11D3-BF4B-00C04F79EFBC}") = "DebugProject", "DebugProject\DebugProject.csproj", "{ADC8E2B7-A5E6-4DCA-A371-476334D893B2}"
EndProject
Project("{2150E333-8FDC-42A3-9474-1A3956D46DE8}") = "Debug", "Debug", "{2709469D-BFBF-4A40-A09D-9F39A655A4ED}"
EndProject
Project("{FAE04EC0-301F-11D3-BF4B-00C04F79EFBC}") = "9M.Work.WSVariable", "9M.Work.WSVariable\9M.Work.WSVariable.csproj", "{1226ECAE-D42F-4629-849B-88865CDE4ABC}"
EndProject
Project("{FAE04EC0-301F-11D3-BF4B-00C04F79EFBC}") = "9M.Work.YouZan", "9M.Work.YouZan\9M.Work.YouZan.csproj", "{6047827F-049B-41DE-866A-A553E5D4CE66}"
EndProject
Global
	GlobalSection(SolutionConfigurationPlatforms) = preSolution
		CD_ROM|Any CPU = CD_ROM|Any CPU
		Debug|Any CPU = Debug|Any CPU
		DVD-5|Any CPU = DVD-5|Any CPU
		Release|Any CPU = Release|Any CPU
		SingleImage|Any CPU = SingleImage|Any CPU
	EndGlobalSection
	GlobalSection(ProjectConfigurationPlatforms) = postSolution
		{80AEC071-D185-4851-9F29-C94EF62D4862}.CD_ROM|Any CPU.ActiveCfg = Release|Any CPU
		{80AEC071-D185-4851-9F29-C94EF62D4862}.CD_ROM|Any CPU.Build.0 = Release|Any CPU
		{80AEC071-D185-4851-9F29-C94EF62D4862}.Debug|Any CPU.ActiveCfg = Debug|Any CPU
		{80AEC071-D185-4851-9F29-C94EF62D4862}.Debug|Any CPU.Build.0 = Debug|Any CPU
		{80AEC071-D185-4851-9F29-C94EF62D4862}.DVD-5|Any CPU.ActiveCfg = Debug|Any CPU
		{80AEC071-D185-4851-9F29-C94EF62D4862}.DVD-5|Any CPU.Build.0 = Debug|Any CPU
		{80AEC071-D185-4851-9F29-C94EF62D4862}.Release|Any CPU.ActiveCfg = Release|Any CPU
		{80AEC071-D185-4851-9F29-C94EF62D4862}.Release|Any CPU.Build.0 = Release|Any CPU
		{80AEC071-D185-4851-9F29-C94EF62D4862}.SingleImage|Any CPU.ActiveCfg = Release|Any CPU
		{80AEC071-D185-4851-9F29-C94EF62D4862}.SingleImage|Any CPU.Build.0 = Release|Any CPU
		{B0F8D955-3AC1-46C3-B42F-0599426EE1AD}.CD_ROM|Any CPU.ActiveCfg = Release|Any CPU
		{B0F8D955-3AC1-46C3-B42F-0599426EE1AD}.CD_ROM|Any CPU.Build.0 = Release|Any CPU
		{B0F8D955-3AC1-46C3-B42F-0599426EE1AD}.Debug|Any CPU.ActiveCfg = Debug|Any CPU
		{B0F8D955-3AC1-46C3-B42F-0599426EE1AD}.Debug|Any CPU.Build.0 = Debug|Any CPU
		{B0F8D955-3AC1-46C3-B42F-0599426EE1AD}.DVD-5|Any CPU.ActiveCfg = Debug|Any CPU
		{B0F8D955-3AC1-46C3-B42F-0599426EE1AD}.DVD-5|Any CPU.Build.0 = Debug|Any CPU
		{B0F8D955-3AC1-46C3-B42F-0599426EE1AD}.Release|Any CPU.ActiveCfg = Release|Any CPU
		{B0F8D955-3AC1-46C3-B42F-0599426EE1AD}.Release|Any CPU.Build.0 = Release|Any CPU
		{B0F8D955-3AC1-46C3-B42F-0599426EE1AD}.SingleImage|Any CPU.ActiveCfg = Release|Any CPU
		{B0F8D955-3AC1-46C3-B42F-0599426EE1AD}.SingleImage|Any CPU.Build.0 = Release|Any CPU
		{6AABADC8-7292-4CC9-988D-A02AE550A1B6}.CD_ROM|Any CPU.ActiveCfg = Release|Any CPU
		{6AABADC8-7292-4CC9-988D-A02AE550A1B6}.CD_ROM|Any CPU.Build.0 = Release|Any CPU
		{6AABADC8-7292-4CC9-988D-A02AE550A1B6}.Debug|Any CPU.ActiveCfg = Debug|Any CPU
		{6AABADC8-7292-4CC9-988D-A02AE550A1B6}.Debug|Any CPU.Build.0 = Debug|Any CPU
		{6AABADC8-7292-4CC9-988D-A02AE550A1B6}.DVD-5|Any CPU.ActiveCfg = Debug|Any CPU
		{6AABADC8-7292-4CC9-988D-A02AE550A1B6}.DVD-5|Any CPU.Build.0 = Debug|Any CPU
		{6AABADC8-7292-4CC9-988D-A02AE550A1B6}.Release|Any CPU.ActiveCfg = Release|Any CPU
		{6AABADC8-7292-4CC9-988D-A02AE550A1B6}.Release|Any CPU.Build.0 = Release|Any CPU
		{6AABADC8-7292-4CC9-988D-A02AE550A1B6}.SingleImage|Any CPU.ActiveCfg = Release|Any CPU
		{6AABADC8-7292-4CC9-988D-A02AE550A1B6}.SingleImage|Any CPU.Build.0 = Release|Any CPU
		{C090BEA1-36B4-417D-BEEF-019BCB2D4491}.CD_ROM|Any CPU.ActiveCfg = Release|Any CPU
		{C090BEA1-36B4-417D-BEEF-019BCB2D4491}.CD_ROM|Any CPU.Build.0 = Release|Any CPU
		{C090BEA1-36B4-417D-BEEF-019BCB2D4491}.Debug|Any CPU.ActiveCfg = Debug|Any CPU
		{C090BEA1-36B4-417D-BEEF-019BCB2D4491}.Debug|Any CPU.Build.0 = Debug|Any CPU
		{C090BEA1-36B4-417D-BEEF-019BCB2D4491}.DVD-5|Any CPU.ActiveCfg = Debug|Any CPU
		{C090BEA1-36B4-417D-BEEF-019BCB2D4491}.DVD-5|Any CPU.Build.0 = Debug|Any CPU
		{C090BEA1-36B4-417D-BEEF-019BCB2D4491}.Release|Any CPU.ActiveCfg = Release|Any CPU
		{C090BEA1-36B4-417D-BEEF-019BCB2D4491}.Release|Any CPU.Build.0 = Release|Any CPU
		{C090BEA1-36B4-417D-BEEF-019BCB2D4491}.SingleImage|Any CPU.ActiveCfg = Release|Any CPU
		{C090BEA1-36B4-417D-BEEF-019BCB2D4491}.SingleImage|Any CPU.Build.0 = Release|Any CPU
		{FAB9D949-12FD-4C62-BD68-6358721F1427}.CD_ROM|Any CPU.ActiveCfg = Release|Any CPU
		{FAB9D949-12FD-4C62-BD68-6358721F1427}.CD_ROM|Any CPU.Build.0 = Release|Any CPU
		{FAB9D949-12FD-4C62-BD68-6358721F1427}.Debug|Any CPU.ActiveCfg = Debug|Any CPU
		{FAB9D949-12FD-4C62-BD68-6358721F1427}.Debug|Any CPU.Build.0 = Debug|Any CPU
		{FAB9D949-12FD-4C62-BD68-6358721F1427}.DVD-5|Any CPU.ActiveCfg = Debug|Any CPU
		{FAB9D949-12FD-4C62-BD68-6358721F1427}.DVD-5|Any CPU.Build.0 = Debug|Any CPU
		{FAB9D949-12FD-4C62-BD68-6358721F1427}.Release|Any CPU.ActiveCfg = Release|Any CPU
		{FAB9D949-12FD-4C62-BD68-6358721F1427}.Release|Any CPU.Build.0 = Release|Any CPU
		{FAB9D949-12FD-4C62-BD68-6358721F1427}.SingleImage|Any CPU.ActiveCfg = Release|Any CPU
		{FAB9D949-12FD-4C62-BD68-6358721F1427}.SingleImage|Any CPU.Build.0 = Release|Any CPU
		{626C87C8-973E-401B-BA6A-159D9D88F56E}.CD_ROM|Any CPU.ActiveCfg = Release|Any CPU
		{626C87C8-973E-401B-BA6A-159D9D88F56E}.CD_ROM|Any CPU.Build.0 = Release|Any CPU
		{626C87C8-973E-401B-BA6A-159D9D88F56E}.Debug|Any CPU.ActiveCfg = Debug|Any CPU
		{626C87C8-973E-401B-BA6A-159D9D88F56E}.Debug|Any CPU.Build.0 = Debug|Any CPU
		{626C87C8-973E-401B-BA6A-159D9D88F56E}.DVD-5|Any CPU.ActiveCfg = Debug|Any CPU
		{626C87C8-973E-401B-BA6A-159D9D88F56E}.DVD-5|Any CPU.Build.0 = Debug|Any CPU
		{626C87C8-973E-401B-BA6A-159D9D88F56E}.Release|Any CPU.ActiveCfg = Release|Any CPU
		{626C87C8-973E-401B-BA6A-159D9D88F56E}.Release|Any CPU.Build.0 = Release|Any CPU
		{626C87C8-973E-401B-BA6A-159D9D88F56E}.SingleImage|Any CPU.ActiveCfg = Release|Any CPU
		{626C87C8-973E-401B-BA6A-159D9D88F56E}.SingleImage|Any CPU.Build.0 = Release|Any CPU
		{947B7505-F5B0-4CE9-9E23-10C912518944}.CD_ROM|Any CPU.ActiveCfg = Release|Any CPU
		{947B7505-F5B0-4CE9-9E23-10C912518944}.CD_ROM|Any CPU.Build.0 = Release|Any CPU
		{947B7505-F5B0-4CE9-9E23-10C912518944}.Debug|Any CPU.ActiveCfg = Debug|Any CPU
		{947B7505-F5B0-4CE9-9E23-10C912518944}.Debug|Any CPU.Build.0 = Debug|Any CPU
		{947B7505-F5B0-4CE9-9E23-10C912518944}.DVD-5|Any CPU.ActiveCfg = Debug|Any CPU
		{947B7505-F5B0-4CE9-9E23-10C912518944}.DVD-5|Any CPU.Build.0 = Debug|Any CPU
		{947B7505-F5B0-4CE9-9E23-10C912518944}.Release|Any CPU.ActiveCfg = Release|Any CPU
		{947B7505-F5B0-4CE9-9E23-10C912518944}.Release|Any CPU.Build.0 = Release|Any CPU
		{947B7505-F5B0-4CE9-9E23-10C912518944}.SingleImage|Any CPU.ActiveCfg = Release|Any CPU
		{947B7505-F5B0-4CE9-9E23-10C912518944}.SingleImage|Any CPU.Build.0 = Release|Any CPU
		{94821575-C6B4-4105-AB2A-88AEDA73F2EA}.CD_ROM|Any CPU.ActiveCfg = Release|Any CPU
		{94821575-C6B4-4105-AB2A-88AEDA73F2EA}.CD_ROM|Any CPU.Build.0 = Release|Any CPU
		{94821575-C6B4-4105-AB2A-88AEDA73F2EA}.Debug|Any CPU.ActiveCfg = Debug|Any CPU
		{94821575-C6B4-4105-AB2A-88AEDA73F2EA}.Debug|Any CPU.Build.0 = Debug|Any CPU
		{94821575-C6B4-4105-AB2A-88AEDA73F2EA}.DVD-5|Any CPU.ActiveCfg = Debug|Any CPU
		{94821575-C6B4-4105-AB2A-88AEDA73F2EA}.DVD-5|Any CPU.Build.0 = Debug|Any CPU
		{94821575-C6B4-4105-AB2A-88AEDA73F2EA}.Release|Any CPU.ActiveCfg = Release|Any CPU
		{94821575-C6B4-4105-AB2A-88AEDA73F2EA}.Release|Any CPU.Build.0 = Release|Any CPU
		{94821575-C6B4-4105-AB2A-88AEDA73F2EA}.SingleImage|Any CPU.ActiveCfg = Release|Any CPU
		{94821575-C6B4-4105-AB2A-88AEDA73F2EA}.SingleImage|Any CPU.Build.0 = Release|Any CPU
		{5220D2C4-16BD-402A-B9E6-69BD969BBF7B}.CD_ROM|Any CPU.ActiveCfg = Release|Any CPU
		{5220D2C4-16BD-402A-B9E6-69BD969BBF7B}.CD_ROM|Any CPU.Build.0 = Release|Any CPU
		{5220D2C4-16BD-402A-B9E6-69BD969BBF7B}.Debug|Any CPU.ActiveCfg = Debug|Any CPU
		{5220D2C4-16BD-402A-B9E6-69BD969BBF7B}.Debug|Any CPU.Build.0 = Debug|Any CPU
		{5220D2C4-16BD-402A-B9E6-69BD969BBF7B}.DVD-5|Any CPU.ActiveCfg = Debug|Any CPU
		{5220D2C4-16BD-402A-B9E6-69BD969BBF7B}.DVD-5|Any CPU.Build.0 = Debug|Any CPU
		{5220D2C4-16BD-402A-B9E6-69BD969BBF7B}.Release|Any CPU.ActiveCfg = Release|Any CPU
		{5220D2C4-16BD-402A-B9E6-69BD969BBF7B}.Release|Any CPU.Build.0 = Release|Any CPU
		{5220D2C4-16BD-402A-B9E6-69BD969BBF7B}.SingleImage|Any CPU.ActiveCfg = Release|Any CPU
		{5220D2C4-16BD-402A-B9E6-69BD969BBF7B}.SingleImage|Any CPU.Build.0 = Release|Any CPU
		{F3889728-8B37-47BC-933E-4DE09A26038E}.CD_ROM|Any CPU.ActiveCfg = Release|Any CPU
		{F3889728-8B37-47BC-933E-4DE09A26038E}.CD_ROM|Any CPU.Build.0 = Release|Any CPU
		{F3889728-8B37-47BC-933E-4DE09A26038E}.Debug|Any CPU.ActiveCfg = Debug|Any CPU
		{F3889728-8B37-47BC-933E-4DE09A26038E}.Debug|Any CPU.Build.0 = Debug|Any CPU
		{F3889728-8B37-47BC-933E-4DE09A26038E}.DVD-5|Any CPU.ActiveCfg = Debug|Any CPU
		{F3889728-8B37-47BC-933E-4DE09A26038E}.DVD-5|Any CPU.Build.0 = Debug|Any CPU
		{F3889728-8B37-47BC-933E-4DE09A26038E}.Release|Any CPU.ActiveCfg = Release|Any CPU
		{F3889728-8B37-47BC-933E-4DE09A26038E}.Release|Any CPU.Build.0 = Release|Any CPU
		{F3889728-8B37-47BC-933E-4DE09A26038E}.SingleImage|Any CPU.ActiveCfg = Release|Any CPU
		{F3889728-8B37-47BC-933E-4DE09A26038E}.SingleImage|Any CPU.Build.0 = Release|Any CPU
		{11B4FA7F-B290-4480-BC70-B2C356E30631}.CD_ROM|Any CPU.ActiveCfg = Release|Any CPU
		{11B4FA7F-B290-4480-BC70-B2C356E30631}.CD_ROM|Any CPU.Build.0 = Release|Any CPU
		{11B4FA7F-B290-4480-BC70-B2C356E30631}.Debug|Any CPU.ActiveCfg = Debug|Any CPU
		{11B4FA7F-B290-4480-BC70-B2C356E30631}.Debug|Any CPU.Build.0 = Debug|Any CPU
		{11B4FA7F-B290-4480-BC70-B2C356E30631}.DVD-5|Any CPU.ActiveCfg = Debug|Any CPU
		{11B4FA7F-B290-4480-BC70-B2C356E30631}.DVD-5|Any CPU.Build.0 = Debug|Any CPU
		{11B4FA7F-B290-4480-BC70-B2C356E30631}.Release|Any CPU.ActiveCfg = Release|Any CPU
		{11B4FA7F-B290-4480-BC70-B2C356E30631}.Release|Any CPU.Build.0 = Release|Any CPU
		{11B4FA7F-B290-4480-BC70-B2C356E30631}.SingleImage|Any CPU.ActiveCfg = Release|Any CPU
		{11B4FA7F-B290-4480-BC70-B2C356E30631}.SingleImage|Any CPU.Build.0 = Release|Any CPU
		{E82C6895-DA99-4895-9A48-FD1AEE1675D1}.CD_ROM|Any CPU.ActiveCfg = Release|Any CPU
		{E82C6895-DA99-4895-9A48-FD1AEE1675D1}.CD_ROM|Any CPU.Build.0 = Release|Any CPU
		{E82C6895-DA99-4895-9A48-FD1AEE1675D1}.Debug|Any CPU.ActiveCfg = Debug|Any CPU
		{E82C6895-DA99-4895-9A48-FD1AEE1675D1}.Debug|Any CPU.Build.0 = Debug|Any CPU
		{E82C6895-DA99-4895-9A48-FD1AEE1675D1}.DVD-5|Any CPU.ActiveCfg = Debug|Any CPU
		{E82C6895-DA99-4895-9A48-FD1AEE1675D1}.DVD-5|Any CPU.Build.0 = Debug|Any CPU
		{E82C6895-DA99-4895-9A48-FD1AEE1675D1}.Release|Any CPU.ActiveCfg = Release|Any CPU
		{E82C6895-DA99-4895-9A48-FD1AEE1675D1}.Release|Any CPU.Build.0 = Release|Any CPU
		{E82C6895-DA99-4895-9A48-FD1AEE1675D1}.SingleImage|Any CPU.ActiveCfg = Release|Any CPU
		{E82C6895-DA99-4895-9A48-FD1AEE1675D1}.SingleImage|Any CPU.Build.0 = Release|Any CPU
		{2B3ECFF0-E79F-4399-880F-85EB9BF3972C}.CD_ROM|Any CPU.ActiveCfg = Release|Any CPU
		{2B3ECFF0-E79F-4399-880F-85EB9BF3972C}.CD_ROM|Any CPU.Build.0 = Release|Any CPU
		{2B3ECFF0-E79F-4399-880F-85EB9BF3972C}.Debug|Any CPU.ActiveCfg = Debug|Any CPU
		{2B3ECFF0-E79F-4399-880F-85EB9BF3972C}.Debug|Any CPU.Build.0 = Debug|Any CPU
		{2B3ECFF0-E79F-4399-880F-85EB9BF3972C}.DVD-5|Any CPU.ActiveCfg = Debug|Any CPU
		{2B3ECFF0-E79F-4399-880F-85EB9BF3972C}.DVD-5|Any CPU.Build.0 = Debug|Any CPU
		{2B3ECFF0-E79F-4399-880F-85EB9BF3972C}.Release|Any CPU.ActiveCfg = Release|Any CPU
		{2B3ECFF0-E79F-4399-880F-85EB9BF3972C}.Release|Any CPU.Build.0 = Release|Any CPU
		{2B3ECFF0-E79F-4399-880F-85EB9BF3972C}.SingleImage|Any CPU.ActiveCfg = Release|Any CPU
		{2B3ECFF0-E79F-4399-880F-85EB9BF3972C}.SingleImage|Any CPU.Build.0 = Release|Any CPU
		{ADC8E2B7-A5E6-4DCA-A371-476334D893B2}.CD_ROM|Any CPU.ActiveCfg = Release|Any CPU
		{ADC8E2B7-A5E6-4DCA-A371-476334D893B2}.CD_ROM|Any CPU.Build.0 = Release|Any CPU
		{ADC8E2B7-A5E6-4DCA-A371-476334D893B2}.Debug|Any CPU.ActiveCfg = Debug|Any CPU
		{ADC8E2B7-A5E6-4DCA-A371-476334D893B2}.Debug|Any CPU.Build.0 = Debug|Any CPU
		{ADC8E2B7-A5E6-4DCA-A371-476334D893B2}.DVD-5|Any CPU.ActiveCfg = Debug|Any CPU
		{ADC8E2B7-A5E6-4DCA-A371-476334D893B2}.DVD-5|Any CPU.Build.0 = Debug|Any CPU
		{ADC8E2B7-A5E6-4DCA-A371-476334D893B2}.Release|Any CPU.ActiveCfg = Release|Any CPU
		{ADC8E2B7-A5E6-4DCA-A371-476334D893B2}.Release|Any CPU.Build.0 = Release|Any CPU
		{ADC8E2B7-A5E6-4DCA-A371-476334D893B2}.SingleImage|Any CPU.ActiveCfg = Release|Any CPU
		{ADC8E2B7-A5E6-4DCA-A371-476334D893B2}.SingleImage|Any CPU.Build.0 = Release|Any CPU
		{1226ECAE-D42F-4629-849B-88865CDE4ABC}.CD_ROM|Any CPU.ActiveCfg = Release|Any CPU
		{1226ECAE-D42F-4629-849B-88865CDE4ABC}.CD_ROM|Any CPU.Build.0 = Release|Any CPU
		{1226ECAE-D42F-4629-849B-88865CDE4ABC}.Debug|Any CPU.ActiveCfg = Debug|Any CPU
		{1226ECAE-D42F-4629-849B-88865CDE4ABC}.Debug|Any CPU.Build.0 = Debug|Any CPU
		{1226ECAE-D42F-4629-849B-88865CDE4ABC}.DVD-5|Any CPU.ActiveCfg = Debug|Any CPU
		{1226ECAE-D42F-4629-849B-88865CDE4ABC}.DVD-5|Any CPU.Build.0 = Debug|Any CPU
		{1226ECAE-D42F-4629-849B-88865CDE4ABC}.Release|Any CPU.ActiveCfg = Release|Any CPU
		{1226ECAE-D42F-4629-849B-88865CDE4ABC}.Release|Any CPU.Build.0 = Release|Any CPU
		{1226ECAE-D42F-4629-849B-88865CDE4ABC}.SingleImage|Any CPU.ActiveCfg = Release|Any CPU
		{1226ECAE-D42F-4629-849B-88865CDE4ABC}.SingleImage|Any CPU.Build.0 = Release|Any CPU
		{6047827F-049B-41DE-866A-A553E5D4CE66}.CD_ROM|Any CPU.ActiveCfg = Release|Any CPU
		{6047827F-049B-41DE-866A-A553E5D4CE66}.CD_ROM|Any CPU.Build.0 = Release|Any CPU
		{6047827F-049B-41DE-866A-A553E5D4CE66}.Debug|Any CPU.ActiveCfg = Debug|Any CPU
		{6047827F-049B-41DE-866A-A553E5D4CE66}.Debug|Any CPU.Build.0 = Debug|Any CPU
		{6047827F-049B-41DE-866A-A553E5D4CE66}.DVD-5|Any CPU.ActiveCfg = Debug|Any CPU
		{6047827F-049B-41DE-866A-A553E5D4CE66}.DVD-5|Any CPU.Build.0 = Debug|Any CPU
		{6047827F-049B-41DE-866A-A553E5D4CE66}.Release|Any CPU.ActiveCfg = Release|Any CPU
		{6047827F-049B-41DE-866A-A553E5D4CE66}.Release|Any CPU.Build.0 = Release|Any CPU
		{6047827F-049B-41DE-866A-A553E5D4CE66}.SingleImage|Any CPU.ActiveCfg = Release|Any CPU
		{6047827F-049B-41DE-866A-A553E5D4CE66}.SingleImage|Any CPU.Build.0 = Release|Any CPU
	EndGlobalSection
	GlobalSection(SolutionProperties) = preSolution
		HideSolutionNode = FALSE
	EndGlobalSection
	GlobalSection(NestedProjects) = preSolution
		{80AEC071-D185-4851-9F29-C94EF62D4862} = {F6CDD191-CD57-469D-8E0A-1AAB8F92C5B5}
		{B0F8D955-3AC1-46C3-B42F-0599426EE1AD} = {F6CDD191-CD57-469D-8E0A-1AAB8F92C5B5}
		{6AABADC8-7292-4CC9-988D-A02AE550A1B6} = {28C5BE19-E94C-4B08-A9FF-87E576FA62E9}
		{C090BEA1-36B4-417D-BEEF-019BCB2D4491} = {EB697E05-8074-4C23-BF84-C7A04BDA072B}
		{947B7505-F5B0-4CE9-9E23-10C912518944} = {F6CDD191-CD57-469D-8E0A-1AAB8F92C5B5}
		{94821575-C6B4-4105-AB2A-88AEDA73F2EA} = {A78D67CE-9AFF-4BC4-82AC-ECF2FA12054A}
		{5220D2C4-16BD-402A-B9E6-69BD969BBF7B} = {A78D67CE-9AFF-4BC4-82AC-ECF2FA12054A}
		{11B4FA7F-B290-4480-BC70-B2C356E30631} = {A78D67CE-9AFF-4BC4-82AC-ECF2FA12054A}
		{E82C6895-DA99-4895-9A48-FD1AEE1675D1} = {A66037A5-2F50-439C-9DC7-7C839AB51508}
		{ADC8E2B7-A5E6-4DCA-A371-476334D893B2} = {2709469D-BFBF-4A40-A09D-9F39A655A4ED}
		{1226ECAE-D42F-4629-849B-88865CDE4ABC} = {F6CDD191-CD57-469D-8E0A-1AAB8F92C5B5}
		{6047827F-049B-41DE-866A-A553E5D4CE66} = {A78D67CE-9AFF-4BC4-82AC-ECF2FA12054A}
	EndGlobalSection
	GlobalSection(SubversionScc) = preSolution
		Svn-Managed = True
		Manager = AnkhSVN - Subversion Support for Visual Studio
	EndGlobalSection
EndGlobal
